
Microsoft Visual Studio Solution File, Format Version 12.00
# Visual Studio 15
VisualStudioVersion = 15.0.27703.2026
MinimumVisualStudioVersion = 10.0.40219.1
Project("{FAE04EC0-301F-11D3-BF4B-00C04F79EFBC}") = "TashetzSolver", "TashetzSolver\TashetzSolver.csproj", "{A963CD54-00CE-4983-8BAF-56D353B294D0}"
EndProject
Global
	GlobalSection(SolutionConfigurationPlatforms) = preSolution
		Debug|Any CPU = Debug|Any CPU
		Release|Any CPU = Release|Any CPU
	EndGlobalSection
	GlobalSection(ProjectConfigurationPlatforms) = postSolution
		{A963CD54-00CE-4983-8BAF-56D353B294D0}.Debug|Any CPU.ActiveCfg = Debug|Any CPU
		{A963CD54-00CE-4983-8BAF-56D353B294D0}.Debug|Any CPU.Build.0 = Debug|Any CPU
		{A963CD54-00CE-4983-8BAF-56D353B294D0}.Release|Any CPU.ActiveCfg = Release|Any CPU
		{A963CD54-00CE-4983-8BAF-56D353B294D0}.Release|Any CPU.Build.0 = Release|Any CPU
	EndGlobalSection
	GlobalSection(SolutionProperties) = preSolution
		HideSolutionNode = FALSE
	EndGlobalSection
	GlobalSection(ExtensibilityGlobals) = postSolution
		SolutionGuid = {4650B612-9F8F-4680-94B6-CB2D35A8F6A3}
	EndGlobalSection
EndGlobal
